
Microsoft Visual Studio Solution File, Format Version 12.00
# Visual Studio Version 17
VisualStudioVersion = 17.11.35312.102
MinimumVisualStudioVersion = 10.0.40219.1
Project("{2150E333-8FDC-42A3-9474-1A3956D46DE8}") = "Lesson1", "Lesson1", "{13961CAA-5739-49FD-9B6F-57CE180C4C92}"
EndProject
Project("{9A19103F-16F7-4668-BE54-9A1E7A4F7556}") = "LessonOneApp", "Lesson1\LessonOneApp\LessonOneApp.csproj", "{364E49DB-98A3-447A-8EBE-E7B06BA427FC}"
EndProject
Project("{9A19103F-16F7-4668-BE54-9A1E7A4F7556}") = "LessonZeroApp", "LessonZeroApp\LessonZeroApp.csproj", "{402997EB-0CC8-4E9C-981A-37ABB4A5156B}"
EndProject
Project("{FAE04EC0-301F-11D3-BF4B-00C04F79EFBC}") = "CalculatorLibrary", "Lesson1\CalculatorLibrary\CalculatorLibrary.csproj", "{7EF71A45-52A6-4D94-8EE5-52EBE63533D4}"
EndProject
Project("{FAE04EC0-301F-11D3-BF4B-00C04F79EFBC}") = "LessonTwoApp", "LessonTwoApp\LessonTwoApp.csproj", "{0697A755-0990-4B7A-BDBC-080C3FD68D2E}"
EndProject
Global
	GlobalSection(SolutionConfigurationPlatforms) = preSolution
		Debug|Any CPU = Debug|Any CPU
		Release|Any CPU = Release|Any CPU
	EndGlobalSection
	GlobalSection(ProjectConfigurationPlatforms) = postSolution
		{364E49DB-98A3-447A-8EBE-E7B06BA427FC}.Debug|Any CPU.ActiveCfg = Debug|Any CPU
		{364E49DB-98A3-447A-8EBE-E7B06BA427FC}.Debug|Any CPU.Build.0 = Debug|Any CPU
		{364E49DB-98A3-447A-8EBE-E7B06BA427FC}.Release|Any CPU.ActiveCfg = Release|Any CPU
		{364E49DB-98A3-447A-8EBE-E7B06BA427FC}.Release|Any CPU.Build.0 = Release|Any CPU
		{402997EB-0CC8-4E9C-981A-37ABB4A5156B}.Debug|Any CPU.ActiveCfg = Debug|Any CPU
		{402997EB-0CC8-4E9C-981A-37ABB4A5156B}.Debug|Any CPU.Build.0 = Debug|Any CPU
		{402997EB-0CC8-4E9C-981A-37ABB4A5156B}.Release|Any CPU.ActiveCfg = Release|Any CPU
		{402997EB-0CC8-4E9C-981A-37ABB4A5156B}.Release|Any CPU.Build.0 = Release|Any CPU
		{7EF71A45-52A6-4D94-8EE5-52EBE63533D4}.Debug|Any CPU.ActiveCfg = Debug|Any CPU
		{7EF71A45-52A6-4D94-8EE5-52EBE63533D4}.Debug|Any CPU.Build.0 = Debug|Any CPU
		{7EF71A45-52A6-4D94-8EE5-52EBE63533D4}.Release|Any CPU.ActiveCfg = Release|Any CPU
		{7EF71A45-52A6-4D94-8EE5-52EBE63533D4}.Release|Any CPU.Build.0 = Release|Any CPU
		{0697A755-0990-4B7A-BDBC-080C3FD68D2E}.Debug|Any CPU.ActiveCfg = Debug|Any CPU
		{0697A755-0990-4B7A-BDBC-080C3FD68D2E}.Debug|Any CPU.Build.0 = Debug|Any CPU
		{0697A755-0990-4B7A-BDBC-080C3FD68D2E}.Release|Any CPU.ActiveCfg = Release|Any CPU
		{0697A755-0990-4B7A-BDBC-080C3FD68D2E}.Release|Any CPU.Build.0 = Release|Any CPU
	EndGlobalSection
	GlobalSection(SolutionProperties) = preSolution
		HideSolutionNode = FALSE
	EndGlobalSection
	GlobalSection(NestedProjects) = preSolution
		{364E49DB-98A3-447A-8EBE-E7B06BA427FC} = {13961CAA-5739-49FD-9B6F-57CE180C4C92}
		{7EF71A45-52A6-4D94-8EE5-52EBE63533D4} = {13961CAA-5739-49FD-9B6F-57CE180C4C92}
	EndGlobalSection
	GlobalSection(ExtensibilityGlobals) = postSolution
		SolutionGuid = {CF3BBBBF-DCC5-4EE4-9F0D-433FD1F202D3}
	EndGlobalSection
EndGlobal
